
Microsoft Visual Studio Solution File, Format Version 12.00
# Visual Studio Version 17
VisualStudioVersion = 17.6.33815.320
MinimumVisualStudioVersion = 10.0.40219.1
Project("{888888A0-9F3D-457C-B088-3A5042F75D52}") = "download_you", "download_you.pyproj", "{09E5D694-D05C-4EB2-BAEA-4B76D547FED4}"
EndProject
Global
	GlobalSection(SolutionConfigurationPlatforms) = preSolution
		Debug|Any CPU = Debug|Any CPU
		Release|Any CPU = Release|Any CPU
	EndGlobalSection
	GlobalSection(ProjectConfigurationPlatforms) = postSolution
		{09E5D694-D05C-4EB2-BAEA-4B76D547FED4}.Debug|Any CPU.ActiveCfg = Debug|Any CPU
		{09E5D694-D05C-4EB2-BAEA-4B76D547FED4}.Release|Any CPU.ActiveCfg = Release|Any CPU
	EndGlobalSection
	GlobalSection(SolutionProperties) = preSolution
		HideSolutionNode = FALSE
	EndGlobalSection
	GlobalSection(ExtensibilityGlobals) = postSolution
		SolutionGuid = {04FB54E6-BB6D-4198-B0A0-1DD268742832}
	EndGlobalSection
EndGlobal
